{"1.2.0",
[{<<"epgsql">>,{pkg,<<"epgsql">>,<<"4.8.0">>},0},
 {<<"roadrunner">>,{pkg,<<"roadrunner">>,<<"0.8.0">>},0},
 {<<"telemetry">>,{pkg,<<"telemetry">>,<<"1.4.2">>},1}]}.
[
{pkg_hash,[
 {<<"epgsql">>, <<"C491B141B8C37BCE7B67F2079F168F339BB374A7CF9A286CB3B40AD1CD3FABE5">>},
 {<<"roadrunner">>, <<"7BBC9DA8E2085EA94FE0A06DB51DBAD762AA016E70972F2A533C3914438C96F6">>},
 {<<"telemetry">>, <<"A0CB522801DFFB1C49FE6E30561BADFFC7B6D0E180DB1300DF759FAA22062855">>}]},
{pkg_hash_ext,[
 {<<"epgsql">>, <<"00E550006A62FB439FC7E879419443C889C34605E9B9DC406029D8BAA1AD79D8">>},
 {<<"roadrunner">>, <<"76F3389A27CE084FF380F80C6DE73C2448A6702017A2C22ACF34DE606C8239D1">>},
 {<<"telemetry">>, <<"928F6495066506077862C0D1646609EED891A4326BEE3126BA54B60AF61FEBB1">>}]}
].
