{"1.2.0",
[{<<"epgsql">>,{pkg,<<"epgsql">>,<<"4.8.0">>},0},
 {<<"pooler">>,{pkg,<<"pooler">>,<<"1.6.0">>},0},
 {<<"quic">>,{pkg,<<"quic">>,<<"1.5.0">>},1},
 {<<"roadrunner">>,{pkg,<<"roadrunner">>,<<"0.3.0">>},0},
 {<<"telemetry">>,{pkg,<<"telemetry">>,<<"1.4.2">>},1}]}.
[
{pkg_hash,[
 {<<"epgsql">>, <<"C491B141B8C37BCE7B67F2079F168F339BB374A7CF9A286CB3B40AD1CD3FABE5">>},
 {<<"pooler">>, <<"F4F33C94AB3AB82565A2E31CEA9EFE4149A160651F3707A0A2669BC54AAF81C8">>},
 {<<"quic">>, <<"BD72F84C9670F0F11BBA4C950B88A9C199E80DA1EE3DD97D847D7E91FC679829">>},
 {<<"roadrunner">>, <<"A933EC139ECF6A7AE99D6A4EC5AB8198DD31AD78D11049BB3AFFD1AEE4743576">>},
 {<<"telemetry">>, <<"A0CB522801DFFB1C49FE6E30561BADFFC7B6D0E180DB1300DF759FAA22062855">>}]},
{pkg_hash_ext,[
 {<<"epgsql">>, <<"00E550006A62FB439FC7E879419443C889C34605E9B9DC406029D8BAA1AD79D8">>},
 {<<"pooler">>, <<"748C988FD2928DE9577C882A49621863CAB57809E3E1A88A14C9D3B55C6AB877">>},
 {<<"quic">>, <<"97D7BCE70FE9056E5CFFF35C346AC9E27DB6B380B0DC949BB3A752FD1E2A20E9">>},
 {<<"roadrunner">>, <<"369118C401DCE0F8B24C340ABC6B04C27C97EA5A5E3154081F4075AE13AEFA37">>},
 {<<"telemetry">>, <<"928F6495066506077862C0D1646609EED891A4326BEE3126BA54B60AF61FEBB1">>}]}
].
