github.com/lesismal/fib v0.0.0-20260926064024-9dec8fc9752b h1:yynWEMzqDsHKCqp+DPyJf9aNfhol/GsmoUejHWpLjZQ=
github.com/lesismal/fib v0.0.0-20260926064024-9dec8fc9752b/go.mod h1:ECyKMzlRaSlOWKBorTaEushOJZclLtclDlfONJxBB4U=
github.com/lesismal/fib v0.0.0-20260926141701-7d159937d058 h1:ZMJ+QBL9sKIizaDHzDPDTgT6QX/Z/wGhvqPI1HjMg+4=
github.com/lesismal/fib v0.0.0-20260926141701-7d159937d058/go.mod h1:ECyKMzlRaSlOWKBorTaEushOJZclLtclDlfONJxBB4U=
